lockfileVersion: "9.0"

settings:
  autoInstallPeers: true
  excludeLinksFromLockfile: false

importers:
  .:
    devDependencies:
      "@inquirer/prompts":
        specifier: 7.8.3
        version: 7.8.3
      "@rollup/plugin-commonjs":
        specifier: ^28.0.6
        version: 28.0.6(rollup@4.52.0)
      "@rollup/plugin-json":
        specifier: ^6.1.0
        version: 6.1.0(rollup@4.52.0)
      "@rollup/plugin-node-resolve":
        specifier: ^16.0.1
        version: 16.0.1(rollup@4.52.0)
      husky:
        specifier: ^9.1.7
        version: 9.1.7
      prettier:
        specifier: ^3.6.2
        version: 3.6.2
      pretty-quick:
        specifier: ^4.2.2
        version: 4.2.2(prettier@3.6.2)
      rollup:
        specifier: ^4.52.0
        version: 4.52.0
      semver:
        specifier: ^7.7.2
        version: 7.7.2
      simple-git:
        specifier: ^3.28.0
        version: 3.28.0

packages:
  "@inquirer/ansi@1.0.0":
    resolution:
      {
        integrity: sha512-JWaTfCxI1eTmJ1BIv86vUfjVatOdxwD0DAVKYevY8SazeUUZtW+tNbsdejVO1GYE0GXJW1N1ahmiC3TFd+7wZA==,
      }
    engines: { node: ">=18" }

  "@inquirer/checkbox@4.2.4":
    resolution:
      {
        integrity: sha512-2n9Vgf4HSciFq8ttKXk+qy+GsyTXPV1An6QAwe/8bkbbqvG4VW1I/ZY1pNu2rf+h9bdzMLPbRSfcNxkHBy/Ydw==,
      }
    engines: { node: ">=18" }
    peerDependencies:
      "@types/node": ">=18"
    peerDependenciesMeta:
      "@types/node":
        optional: true

  "@inquirer/confirm@5.1.18":
    resolution:
      {
        integrity: sha512-MilmWOzHa3Ks11tzvuAmFoAd/wRuaP3SwlT1IZhyMke31FKLxPiuDWcGXhU+PKveNOpAc4axzAgrgxuIJJRmLw==,
      }
    engines: { node: ">=18" }
    peerDependencies:
      "@types/node": ">=18"
    peerDependenciesMeta:
      "@types/node":
        optional: true

  "@inquirer/core@10.1.15":
    resolution:
      {
        integrity: sha512-8xrp836RZvKkpNbVvgWUlxjT4CraKk2q+I3Ksy+seI2zkcE+y6wNs1BVhgcv8VyImFecUhdQrYLdW32pAjwBdA==,
      }
    engines: { node: ">=18" }
    peerDependencies:
      "@types/node": ">=18"
    peerDependenciesMeta:
      "@types/node":
        optional: true

  "@inquirer/core@10.2.2":
    resolution:
      {
        integrity: sha512-yXq/4QUnk4sHMtmbd7irwiepjB8jXU0kkFRL4nr/aDBA2mDz13cMakEWdDwX3eSCTkk03kwcndD1zfRAIlELxA==,
      }
    engines: { node: ">=18" }
    peerDependencies:
      "@types/node": ">=18"
    peerDependenciesMeta:
      "@types/node":
        optional: true

  "@inquirer/editor@4.2.20":
    resolution:
      {
        integrity: sha512-7omh5y5bK672Q+Brk4HBbnHNowOZwrb/78IFXdrEB9PfdxL3GudQyDk8O9vQ188wj3xrEebS2M9n18BjJoI83g==,
      }
    engines: { node: ">=18" }
    peerDependencies:
      "@types/node": ">=18"
    peerDependenciesMeta:
      "@types/node":
        optional: true

  "@inquirer/expand@4.0.17":
    resolution:
      {
        integrity: sha512-PSqy9VmJx/VbE3CT453yOfNa+PykpKg/0SYP7odez1/NWBGuDXgPhp4AeGYYKjhLn5lUUavVS/JbeYMPdH50Mw==,
      }
    engines: { node: ">=18" }
    peerDependencies:
      "@types/node": ">=18"
    peerDependenciesMeta:
      "@types/node":
        optional: true

  "@inquirer/external-editor@1.0.2":
    resolution:
      {
        integrity: sha512-yy9cOoBnx58TlsPrIxauKIFQTiyH+0MK4e97y4sV9ERbI+zDxw7i2hxHLCIEGIE/8PPvDxGhgzIOTSOWcs6/MQ==,
      }
    engines: { node: ">=18" }
    peerDependencies:
      "@types/node": ">=18"
    peerDependenciesMeta:
      "@types/node":
        optional: true

  "@inquirer/figures@1.0.13":
    resolution:
      {
        integrity: sha512-lGPVU3yO9ZNqA7vTYz26jny41lE7yoQansmqdMLBEfqaGsmdg7V3W9mK9Pvb5IL4EVZ9GnSDGMO/cJXud5dMaw==,
      }
    engines: { node: ">=18" }

  "@inquirer/input@4.2.1":
    resolution:
      {
        integrity: sha512-tVC+O1rBl0lJpoUZv4xY+WGWY8V5b0zxU1XDsMsIHYregdh7bN5X5QnIONNBAl0K765FYlAfNHS2Bhn7SSOVow==,
      }
    engines: { node: ">=18" }
    peerDependencies:
      "@types/node": ">=18"
    peerDependenciesMeta:
      "@types/node":
        optional: true

  "@inquirer/number@3.0.17":
    resolution:
      {
        integrity: sha512-GcvGHkyIgfZgVnnimURdOueMk0CztycfC8NZTiIY9arIAkeOgt6zG57G+7vC59Jns3UX27LMkPKnKWAOF5xEYg==,
      }
    engines: { node: ">=18" }
    peerDependencies:
      "@types/node": ">=18"
    peerDependenciesMeta:
      "@types/node":
        optional: true

  "@inquirer/password@4.0.17":
    resolution:
      {
        integrity: sha512-DJolTnNeZ00E1+1TW+8614F7rOJJCM4y4BAGQ3Gq6kQIG+OJ4zr3GLjIjVVJCbKsk2jmkmv6v2kQuN/vriHdZA==,
      }
    engines: { node: ">=18" }
    peerDependencies:
      "@types/node": ">=18"
    peerDependenciesMeta:
      "@types/node":
        optional: true

  "@inquirer/prompts@7.8.3":
    resolution:
      {
        integrity: sha512-iHYp+JCaCRktM/ESZdpHI51yqsDgXu+dMs4semzETftOaF8u5hwlqnbIsuIR/LrWZl8Pm1/gzteK9I7MAq5HTA==,
      }
    engines: { node: ">=18" }
    peerDependencies:
      "@types/node": ">=18"
    peerDependenciesMeta:
      "@types/node":
        optional: true

  "@inquirer/rawlist@4.1.5":
    resolution:
      {
        integrity: sha512-R5qMyGJqtDdi4Ht521iAkNqyB6p2UPuZUbMifakg1sWtu24gc2Z8CJuw8rP081OckNDMgtDCuLe42Q2Kr3BolA==,
      }
    engines: { node: ">=18" }
    peerDependencies:
      "@types/node": ">=18"
    peerDependenciesMeta:
      "@types/node":
        optional: true

  "@inquirer/search@3.1.0":
    resolution:
      {
        integrity: sha512-PMk1+O/WBcYJDq2H7foV0aAZSmDdkzZB9Mw2v/DmONRJopwA/128cS9M/TXWLKKdEQKZnKwBzqu2G4x/2Nqx8Q==,
      }
    engines: { node: ">=18" }
    peerDependencies:
      "@types/node": ">=18"
    peerDependenciesMeta:
      "@types/node":
        optional: true

  "@inquirer/select@4.3.1":
    resolution:
      {
        integrity: sha512-Gfl/5sqOF5vS/LIrSndFgOh7jgoe0UXEizDqahFRkq5aJBLegZ6WjuMh/hVEJwlFQjyLq1z9fRtvUMkb7jM1LA==,
      }
    engines: { node: ">=18" }
    peerDependencies:
      "@types/node": ">=18"
    peerDependenciesMeta:
      "@types/node":
        optional: true

  "@inquirer/type@3.0.8":
    resolution:
      {
        integrity: sha512-lg9Whz8onIHRthWaN1Q9EGLa/0LFJjyM8mEUbL1eTi6yMGvBf8gvyDLtxSXztQsxMvhxxNpJYrwa1YHdq+w4Jw==,
      }
    engines: { node: ">=18" }
    peerDependencies:
      "@types/node": ">=18"
    peerDependenciesMeta:
      "@types/node":
        optional: true

  "@jridgewell/sourcemap-codec@1.5.5":
    resolution:
      {
        integrity: sha512-cYQ9310grqxueWbl+WuIUIaiUaDcj7WOq5fVhEljNVgRfOUhY9fy2zTvfoqWsnebh8Sl70VScFbICvJnLKB0Og==,
      }

  "@kwsites/file-exists@1.1.1":
    resolution:
      {
        integrity: sha512-m9/5YGR18lIwxSFDwfE3oA7bWuq9kdau6ugN4H2rJeyhFQZcG9AgSHkQtSD15a8WvTgfz9aikZMrKPHvbpqFiw==,
      }

  "@kwsites/promise-deferred@1.1.1":
    resolution:
      {
        integrity: sha512-GaHYm+c0O9MjZRu0ongGBRbinu8gVAMd2UZjji6jVmqKtZluZnptXGWhz1E8j8D2HJ3f/yMxKAUC0b+57wncIw==,
      }

  "@pkgr/core@0.2.9":
    resolution:
      {
        integrity: sha512-QNqXyfVS2wm9hweSYD2O7F0G06uurj9kZ96TRQE5Y9hU7+tgdZwIkbAKc5Ocy1HxEY2kuDQa6cQ1WRs/O5LFKA==,
      }
    engines: { node: ^12.20.0 || ^14.18.0 || >=16.0.0 }

  "@rollup/plugin-commonjs@28.0.6":
    resolution:
      {
        integrity: sha512-XSQB1K7FUU5QP+3lOQmVCE3I0FcbbNvmNT4VJSj93iUjayaARrTQeoRdiYQoftAJBLrR9t2agwAd3ekaTgHNlw==,
      }
    engines: { node: ">=16.0.0 || 14 >= 14.17" }
    peerDependencies:
      rollup: ^2.68.0||^3.0.0||^4.0.0
    peerDependenciesMeta:
      rollup:
        optional: true

  "@rollup/plugin-json@6.1.0":
    resolution:
      {
        integrity: sha512-EGI2te5ENk1coGeADSIwZ7G2Q8CJS2sF120T7jLw4xFw9n7wIOXHo+kIYRAoVpJAN+kmqZSoO3Fp4JtoNF4ReA==,
      }
    engines: { node: ">=14.0.0" }
    peerDependencies:
      rollup: ^1.20.0||^2.0.0||^3.0.0||^4.0.0
    peerDependenciesMeta:
      rollup:
        optional: true

  "@rollup/plugin-node-resolve@16.0.1":
    resolution:
      {
        integrity: sha512-tk5YCxJWIG81umIvNkSod2qK5KyQW19qcBF/B78n1bjtOON6gzKoVeSzAE8yHCZEDmqkHKkxplExA8KzdJLJpA==,
      }
    engines: { node: ">=14.0.0" }
    peerDependencies:
      rollup: ^2.78.0||^3.0.0||^4.0.0
    peerDependenciesMeta:
      rollup:
        optional: true

  "@rollup/pluginutils@5.3.0":
    resolution:
      {
        integrity: sha512-5EdhGZtnu3V88ces7s53hhfK5KSASnJZv8Lulpc04cWO3REESroJXg73DFsOmgbU2BhwV0E20bu2IDZb3VKW4Q==,
      }
    engines: { node: ">=14.0.0" }
    peerDependencies:
      rollup: ^1.20.0||^2.0.0||^3.0.0||^4.0.0
    peerDependenciesMeta:
      rollup:
        optional: true

  "@rollup/rollup-android-arm-eabi@4.52.0":
    resolution:
      {
        integrity: sha512-VxDYCDqOaR7NXzAtvRx7G1u54d2kEHopb28YH/pKzY6y0qmogP3gG7CSiWsq9WvDFxOQMpNEyjVAHZFXfH3o/A==,
      }
    cpu: [arm]
    os: [android]

  "@rollup/rollup-android-arm64@4.52.0":
    resolution:
      {
        integrity: sha512-pqDirm8koABIKvzL59YI9W9DWbRlTX7RWhN+auR8HXJxo89m4mjqbah7nJZjeKNTNYopqL+yGg+0mhCpf3xZtQ==,
      }
    cpu: [arm64]
    os: [android]

  "@rollup/rollup-darwin-arm64@4.52.0":
    resolution:
      {
        integrity: sha512-YCdWlY/8ltN6H78HnMsRHYlPiKvqKagBP1r+D7SSylxX+HnsgXGCmLiV3Y4nSyY9hW8qr8U9LDUx/Lo7M6MfmQ==,
      }
    cpu: [arm64]
    os: [darwin]

  "@rollup/rollup-darwin-x64@4.52.0":
    resolution:
      {
        integrity: sha512-z4nw6y1j+OOSGzuVbSWdIp1IUks9qNw4dc7z7lWuWDKojY38VMWBlEN7F9jk5UXOkUcp97vA1N213DF+Lz8BRg==,
      }
    cpu: [x64]
    os: [darwin]

  "@rollup/rollup-freebsd-arm64@4.52.0":
    resolution:
      {
        integrity: sha512-Q/dv9Yvyr5rKlK8WQJZVrp5g2SOYeZUs9u/t2f9cQ2E0gJjYB/BWoedXfUT0EcDJefi2zzVfhcOj8drWCzTviw==,
      }
    cpu: [arm64]
    os: [freebsd]

  "@rollup/rollup-freebsd-x64@4.52.0":
    resolution:
      {
        integrity: sha512-kdBsLs4Uile/fbjZVvCRcKB4q64R+1mUq0Yd7oU1CMm1Av336ajIFqNFovByipciuUQjBCPMxwJhCgfG2re3rg==,
      }
    cpu: [x64]
    os: [freebsd]

  "@rollup/rollup-linux-arm-gnueabihf@4.52.0":
    resolution:
      {
        integrity: sha512-aL6hRwu0k7MTUESgkg7QHY6CoqPgr6gdQXRJI1/VbFlUMwsSzPGSR7sG5d+MCbYnJmJwThc2ol3nixj1fvI/zQ==,
      }
    cpu: [arm]
    os: [linux]

  "@rollup/rollup-linux-arm-musleabihf@4.52.0":
    resolution:
      {
        integrity: sha512-BTs0M5s1EJejgIBJhCeiFo7GZZ2IXWkFGcyZhxX4+8usnIo5Mti57108vjXFIQmmJaRyDwmV59Tw64Ap1dkwMw==,
      }
    cpu: [arm]
    os: [linux]

  "@rollup/rollup-linux-arm64-gnu@4.52.0":
    resolution:
      {
        integrity: sha512-uj672IVOU9m08DBGvoPKPi/J8jlVgjh12C9GmjjBxCTQc3XtVmRkRKyeHSmIKQpvJ7fIm1EJieBUcnGSzDVFyw==,
      }
    cpu: [arm64]
    os: [linux]

  "@rollup/rollup-linux-arm64-musl@4.52.0":
    resolution:
      {
        integrity: sha512-/+IVbeDMDCtB/HP/wiWsSzduD10SEGzIZX2945KSgZRNi4TSkjHqRJtNTVtVb8IRwhJ65ssI56krlLik+zFWkw==,
      }
    cpu: [arm64]
    os: [linux]

  "@rollup/rollup-linux-loong64-gnu@4.52.0":
    resolution:
      {
        integrity: sha512-U1vVzvSWtSMWKKrGoROPBXMh3Vwn93TA9V35PldokHGqiUbF6erSzox/5qrSMKp6SzakvyjcPiVF8yB1xKr9Pg==,
      }
    cpu: [loong64]
    os: [linux]

  "@rollup/rollup-linux-ppc64-gnu@4.52.0":
    resolution:
      {
        integrity: sha512-X/4WfuBAdQRH8cK3DYl8zC00XEE6aM472W+QCycpQJeLWVnHfkv7RyBFVaTqNUMsTgIX8ihMjCvFF9OUgeABzw==,
      }
    cpu: [ppc64]
    os: [linux]

  "@rollup/rollup-linux-riscv64-gnu@4.52.0":
    resolution:
      {
        integrity: sha512-xIRYc58HfWDBZoLmWfWXg2Sq8VCa2iJ32B7mqfWnkx5mekekl0tMe7FHpY8I72RXEcUkaWawRvl3qA55og+cwQ==,
      }
    cpu: [riscv64]
    os: [linux]

  "@rollup/rollup-linux-riscv64-musl@4.52.0":
    resolution:
      {
        integrity: sha512-mbsoUey05WJIOz8U1WzNdf+6UMYGwE3fZZnQqsM22FZ3wh1N887HT6jAOjXs6CNEK3Ntu2OBsyQDXfIjouI4dw==,
      }
    cpu: [riscv64]
    os: [linux]

  "@rollup/rollup-linux-s390x-gnu@4.52.0":
    resolution:
      {
        integrity: sha512-qP6aP970bucEi5KKKR4AuPFd8aTx9EF6BvutvYxmZuWLJHmnq4LvBfp0U+yFDMGwJ+AIJEH5sIP+SNypauMWzg==,
      }
    cpu: [s390x]
    os: [linux]

  "@rollup/rollup-linux-x64-gnu@4.52.0":
    resolution:
      {
        integrity: sha512-nmSVN+F2i1yKZ7rJNKO3G7ZzmxJgoQBQZ/6c4MuS553Grmr7WqR7LLDcYG53Z2m9409z3JLt4sCOhLdbKQ3HmA==,
      }
    cpu: [x64]
    os: [linux]

  "@rollup/rollup-linux-x64-musl@4.52.0":
    resolution:
      {
        integrity: sha512-2d0qRo33G6TfQVjaMR71P+yJVGODrt5V6+T0BDYH4EMfGgdC/2HWDVjSSFw888GSzAZUwuska3+zxNUCDco6rQ==,
      }
    cpu: [x64]
    os: [linux]

  "@rollup/rollup-openharmony-arm64@4.52.0":
    resolution:
      {
        integrity: sha512-A1JalX4MOaFAAyGgpO7XP5khquv/7xKzLIyLmhNrbiCxWpMlnsTYr8dnsWM7sEeotNmxvSOEL7F65j0HXFcFsw==,
      }
    cpu: [arm64]
    os: [openharmony]

  "@rollup/rollup-win32-arm64-msvc@4.52.0":
    resolution:
      {
        integrity: sha512-YQugafP/rH0eOOHGjmNgDURrpYHrIX0yuojOI8bwCyXwxC9ZdTd3vYkmddPX0oHONLXu9Rb1dDmT0VNpjkzGGw==,
      }
    cpu: [arm64]
    os: [win32]

  "@rollup/rollup-win32-ia32-msvc@4.52.0":
    resolution:
      {
        integrity: sha512-zYdUYhi3Qe2fndujBqL5FjAFzvNeLxtIqfzNEVKD1I7C37/chv1VxhscWSQHTNfjPCrBFQMnynwA3kpZpZ8w4A==,
      }
    cpu: [ia32]
    os: [win32]

  "@rollup/rollup-win32-x64-gnu@4.52.0":
    resolution:
      {
        integrity: sha512-fGk03kQylNaCOQ96HDMeT7E2n91EqvCDd3RwvT5k+xNdFCeMGnj5b5hEgTGrQuyidqSsD3zJDQ21QIaxXqTBJw==,
      }
    cpu: [x64]
    os: [win32]

  "@rollup/rollup-win32-x64-msvc@4.52.0":
    resolution:
      {
        integrity: sha512-6iKDCVSIUQ8jPMoIV0OytRKniaYyy5EbY/RRydmLW8ZR3cEBhxbWl5ro0rkUNe0ef6sScvhbY79HrjRm8i3vDQ==,
      }
    cpu: [x64]
    os: [win32]

  "@types/estree@1.0.8":
    resolution:
      {
        integrity: sha512-dWHzHa2WqEXI/O1E9OjrocMTKJl2mSrEolh1Iomrv6U+JuNwaHXsXx9bLu5gG7BUWFIN0skIQJQ/L1rIex4X6w==,
      }

  "@types/resolve@1.20.2":
    resolution:
      {
        integrity: sha512-60BCwRFOZCQhDncwQdxxeOEEkbc5dIMccYLwbxsS4TUNeVECQ/pBJ0j09mrHOl/JJvpRPGwO9SvE4nR2Nb/a4Q==,
      }

  ansi-escapes@4.3.2:
    resolution:
      {
        integrity: sha512-gKXj5ALrKWQLsYG9jlTRmR/xKluxHV+Z9QEwNIgCfM1/uwPMCuzVVnh5mwTd+OuBZcwSIMbqssNWRm1lE51QaQ==,
      }
    engines: { node: ">=8" }

  ansi-regex@5.0.1:
    resolution:
      {
        integrity: sha512-quJQXlTSUGL2LH9SUXo8VwsY4soanhgo6LNSm84E1LBcE8s3O0wpdiRzyR9z/ZZJMlMWv37qOOb9pdJlMUEKFQ==,
      }
    engines: { node: ">=8" }

  ansi-styles@4.3.0:
    resolution:
      {
        integrity: sha512-zbB9rCJAT1rbjiVDb2hqKFHNYLxgtk8NURxZ3IZwD3F6NtxbXZQCnnSi1Lkx+IDohdPlFp222wVALIheZJQSEg==,
      }
    engines: { node: ">=8" }

  chardet@2.1.0:
    resolution:
      {
        integrity: sha512-bNFETTG/pM5ryzQ9Ad0lJOTa6HWD/YsScAR3EnCPZRPlQh77JocYktSHOUHelyhm8IARL+o4c4F1bP5KVOjiRA==,
      }

  cli-width@4.1.0:
    resolution:
      {
        integrity: sha512-ouuZd4/dm2Sw5Gmqy6bGyNNNe1qt9RpmxveLSO7KcgsTnU7RXfsw+/bukWGo1abgBiMAic068rclZsO4IWmmxQ==,
      }
    engines: { node: ">= 12" }

  color-convert@2.0.1:
    resolution:
      {
        integrity: sha512-RRECPsj7iu/xb5oKYcsFHSppFNnsj/52OVTRKb4zP5onXwVF3zVmmToNcOfGC+CRDpfK/U584fMg38ZHCaElKQ==,
      }
    engines: { node: ">=7.0.0" }

  color-name@1.1.4:
    resolution:
      {
        integrity: sha512-dOy+3AuW3a2wNbZHIuMZpTcgjGuLU/uBL/ubcZF9OXbDo8ff4O8yVp5Bf0efS8uEoYo5q4Fx7dY9OgQGXgAsQA==,
      }

  commondir@1.0.1:
    resolution:
      {
        integrity: sha512-W9pAhw0ja1Edb5GVdIF1mjZw/ASI0AlShXM83UUGe2DVr5TdAPEA1OA8m/g8zWp9x6On7gqufY+FatDbC3MDQg==,
      }

  debug@4.4.1:
    resolution:
      {
        integrity: sha512-KcKCqiftBJcZr++7ykoDIEwSa3XWowTfNPo92BYxjXiyYEVrUQh2aLyhxBCwww+heortUFxEJYcRzosstTEBYQ==,
      }
    engines: { node: ">=6.0" }
    peerDependencies:
      supports-color: "*"
    peerDependenciesMeta:
      supports-color:
        optional: true

  deepmerge@4.3.1:
    resolution:
      {
        integrity: sha512-3sUqbMEc77XqpdNO7FRyRog+eW3ph+GYCbj+rK+uYyRMuwsVy0rMiVtPn+QJlKFvWP/1PYpapqYn0Me2knFn+A==,
      }
    engines: { node: ">=0.10.0" }

  emoji-regex@8.0.0:
    resolution:
      {
        integrity: sha512-MSjYzcWNOA0ewAHpz0MxpYFvwg6yjy1NG3xteoqz644VCo/RPgnr1/GGt+ic3iJTzQ8Eu3TdM14SawnVUmGE6A==,
      }

  estree-walker@2.0.2:
    resolution:
      {
        integrity: sha512-Rfkk/Mp/DL7JVje3u18FxFujQlTNR2q6QfMSMB7AvCBx91NGj/ba3kCfza0f6dVDbw7YlRf/nDrn7pQrCCyQ/w==,
      }

  fdir@6.5.0:
    resolution:
      {
        integrity: sha512-tIbYtZbucOs0BRGqPJkshJUYdL+SDH7dVM8gjy+ERp3WAUjLEFJE+02kanyHtwjWOnwrKYBiwAmM0p4kLJAnXg==,
      }
    engines: { node: ">=12.0.0" }
    peerDependencies:
      picomatch: ^3 || ^4
    peerDependenciesMeta:
      picomatch:
        optional: true

  fsevents@2.3.3:
    resolution:
      {
        integrity: sha512-5xoDfX+fL7faATnagmWPpbFtwh/R77WmMMqqHGS65C3vvB0YHrgF+B1YmZ3441tMj5n63k0212XNoJwzlhffQw==,
      }
    engines: { node: ^8.16.0 || ^10.6.0 || >=11.0.0 }
    os: [darwin]

  function-bind@1.1.2:
    resolution:
      {
        integrity: sha512-7XHNxH7qX9xG5mIwxkhumTox/MIRNcOgDrxWsMt2pAr23WHp6MrRlN7FBSFpCpr+oVO0F744iUgR82nJMfG2SA==,
      }

  hasown@2.0.2:
    resolution:
      {
        integrity: sha512-0hJU9SCPvmMzIBdZFqNPXWa6dqh7WdH0cII9y+CyS8rG3nL48Bclra9HmKhVVUHyPWNH5Y7xDwAB7bfgSjkUMQ==,
      }
    engines: { node: ">= 0.4" }

  husky@9.1.7:
    resolution:
      {
        integrity: sha512-5gs5ytaNjBrh5Ow3zrvdUUY+0VxIuWVL4i9irt6friV+BqdCfmV11CQTWMiBYWHbXhco+J1kHfTOUkePhCDvMA==,
      }
    engines: { node: ">=18" }
    hasBin: true

  iconv-lite@0.7.0:
    resolution:
      {
        integrity: sha512-cf6L2Ds3h57VVmkZe+Pn+5APsT7FpqJtEhhieDCvrE2MK5Qk9MyffgQyuxQTm6BChfeZNtcOLHp9IcWRVcIcBQ==,
      }
    engines: { node: ">=0.10.0" }

  ignore@7.0.5:
    resolution:
      {
        integrity: sha512-Hs59xBNfUIunMFgWAbGX5cq6893IbWg4KnrjbYwX3tx0ztorVgTDA6B2sxf8ejHJ4wz8BqGUMYlnzNBer5NvGg==,
      }
    engines: { node: ">= 4" }

  is-core-module@2.16.1:
    resolution:
      {
        integrity: sha512-UfoeMA6fIJ8wTYFEUjelnaGI67v6+N7qXJEvQuIGa99l4xsCruSYOVSQ0uPANn4dAzm8lkYPaKLrrijLq7x23w==,
      }
    engines: { node: ">= 0.4" }

  is-fullwidth-code-point@3.0.0:
    resolution:
      {
        integrity: sha512-zymm5+u+sCsSWyD9qNaejV3DFvhCKclKdizYaJUuHA83RLjb7nSuGnddCHGv0hk+KY7BMAlsWeK4Ueg6EV6XQg==,
      }
    engines: { node: ">=8" }

  is-module@1.0.0:
    resolution:
      {
        integrity: sha512-51ypPSPCoTEIN9dy5Oy+h4pShgJmPCygKfyRCISBI+JoWT/2oJvK8QPxmwv7b/p239jXrm9M1mlQbyKJ5A152g==,
      }

  is-reference@1.2.1:
    resolution:
      {
        integrity: sha512-U82MsXXiFIrjCK4otLT+o2NA2Cd2g5MLoOVXUZjIOhLurrRxpEXzI8O0KZHr3IjLvlAH1kTPYSuqer5T9ZVBKQ==,
      }

  magic-string@0.30.19:
    resolution:
      {
        integrity: sha512-2N21sPY9Ws53PZvsEpVtNuSW+ScYbQdp4b9qUaL+9QkHUrGFKo56Lg9Emg5s9V/qrtNBmiR01sYhUOwu3H+VOw==,
      }

  mri@1.2.0:
    resolution:
      {
        integrity: sha512-tzzskb3bG8LvYGFF/mDTpq3jpI6Q9wc3LEmBaghu+DdCssd1FakN7Bc0hVNmEyGq1bq3RgfkCb3cmQLpNPOroA==,
      }
    engines: { node: ">=4" }

  ms@2.1.3:
    resolution:
      {
        integrity: sha512-6FlzubTLZG3J2a/NVCAleEhjzq5oxgHyaCU9yYXvcLsvoVaHJq/s5xXI6/XXP6tz7R9xAOtHnSO/tXtF3WRTlA==,
      }

  mute-stream@2.0.0:
    resolution:
      {
        integrity: sha512-WWdIxpyjEn+FhQJQQv9aQAYlHoNVdzIzUySNV1gHUPDSdZJ3yZn7pAAbQcV7B56Mvu881q9FZV+0Vx2xC44VWA==,
      }
    engines: { node: ^18.17.0 || >=20.5.0 }

  path-parse@1.0.7:
    resolution:
      {
        integrity: sha512-LDJzPVEEEPR+y48z93A0Ed0yXb8pAByGWo/k5YYdYgpY2/2EsOsksJrq7lOHxryrVOn1ejG6oAp8ahvOIQD8sw==,
      }

  picocolors@1.1.1:
    resolution:
      {
        integrity: sha512-xceH2snhtb5M9liqDsmEw56le376mTZkEX/jEb/RxNFyegNul7eNslCXP9FDj/Lcu0X8KEyMceP2ntpaHrDEVA==,
      }

  picomatch@4.0.3:
    resolution:
      {
        integrity: sha512-5gTmgEY/sqK6gFXLIsQNH19lWb4ebPDLA4SdLP7dsWkIXHWlG66oPuVvXSGFPppYZz8ZDZq0dYYrbHfBCVUb1Q==,
      }
    engines: { node: ">=12" }

  prettier@3.6.2:
    resolution:
      {
        integrity: sha512-I7AIg5boAr5R0FFtJ6rCfD+LFsWHp81dolrFD8S79U9tb8Az2nGrJncnMSnys+bpQJfRUzqs9hnA81OAA3hCuQ==,
      }
    engines: { node: ">=14" }
    hasBin: true

  pretty-quick@4.2.2:
    resolution:
      {
        integrity: sha512-uAh96tBW1SsD34VhhDmWuEmqbpfYc/B3j++5MC/6b3Cb8Ow7NJsvKFhg0eoGu2xXX+o9RkahkTK6sUdd8E7g5w==,
      }
    engines: { node: ">=14" }
    hasBin: true
    peerDependencies:
      prettier: ^3.0.0

  resolve@1.22.10:
    resolution:
      {
        integrity: sha512-NPRy+/ncIMeDlTAsuqwKIiferiawhefFJtkNSW0qZJEqMEb+qBt/77B/jGeeek+F0uOeN05CDa6HXbbIgtVX4w==,
      }
    engines: { node: ">= 0.4" }
    hasBin: true

  rollup@4.52.0:
    resolution:
      {
        integrity: sha512-+IuescNkTJQgX7AkIDtITipZdIGcWF0pnVvZTWStiazUmcGA2ag8dfg0urest2XlXUi9kuhfQ+qmdc5Stc3z7g==,
      }
    engines: { node: ">=18.0.0", npm: ">=8.0.0" }
    hasBin: true

  safer-buffer@2.1.2:
    resolution:
      {
        integrity: sha512-YZo3K82SD7Riyi0E1EQPojLz7kpepnSQI9IyPbHHg1XXXevb5dJI7tpyN2ADxGcQbHG7vcyRHk0cbwqcQriUtg==,
      }

  semver@7.7.2:
    resolution:
      {
        integrity: sha512-RF0Fw+rO5AMf9MAyaRXI4AV0Ulj5lMHqVxxdSgiVbixSCXoEmmX/jk0CuJw4+3SqroYO9VoUh+HcuJivvtJemA==,
      }
    engines: { node: ">=10" }
    hasBin: true

  signal-exit@4.1.0:
    resolution:
      {
        integrity: sha512-bzyZ1e88w9O1iNJbKnOlvYTrWPDl46O1bG0D3XInv+9tkPrxrN8jUUTiFlDkkmKWgn1M6CfIA13SuGqOa9Korw==,
      }
    engines: { node: ">=14" }

  simple-git@3.28.0:
    resolution:
      {
        integrity: sha512-Rs/vQRwsn1ILH1oBUy8NucJlXmnnLeLCfcvbSehkPzbv3wwoFWIdtfd6Ndo6ZPhlPsCZ60CPI4rxurnwAa+a2w==,
      }

  string-width@4.2.3:
    resolution:
      {
        integrity: sha512-wKyQRQpjJ0sIp62ErSZdGsjMJWsap5oRNihHhu6G7JVO/9jIB6UyevL+tXuOqrng8j/cxKTWyWUwvSTriiZz/g==,
      }
    engines: { node: ">=8" }

  strip-ansi@6.0.1:
    resolution:
      {
        integrity: sha512-Y38VPSHcqkFrCpFnQ9vuSXmquuv5oXOKpGeT6aGrr3o3Gc9AlVa6JBfUSOCnbxGGZF+/0ooI7KrPuUSztUdU5A==,
      }
    engines: { node: ">=8" }

  supports-preserve-symlinks-flag@1.0.0:
    resolution:
      {
        integrity: sha512-ot0WnXS9fgdkgIcePe6RHNk1WA8+muPa6cSjeR3V8K27q9BB1rTE3R1p7Hv0z1ZyAc8s6Vvv8DIyWf681MAt0w==,
      }
    engines: { node: ">= 0.4" }

  tinyexec@0.3.2:
    resolution:
      {
        integrity: sha512-KQQR9yN7R5+OSwaK0XQoj22pwHoTlgYqmUscPYoknOoWCWfj/5/ABTMRi69FrKU5ffPVh5QcFikpWJI/P1ocHA==,
      }

  tslib@2.8.1:
    resolution:
      {
        integrity: sha512-oJFu94HQb+KVduSUQL7wnpmqnfmLsOA/nAh6b6EH0wCEoK0/mPeXU6c3wKDV83MkOuHPRHtSXKKU99IBazS/2w==,
      }

  type-fest@0.21.3:
    resolution:
      {
        integrity: sha512-t0rzBq87m3fVcduHDUFhKmyyX+9eo6WQjZvf51Ea/M0Q7+T374Jp1aUiyUl0GKxp8M/OETVHSDvmkyPgvX+X2w==,
      }
    engines: { node: ">=10" }

  wrap-ansi@6.2.0:
    resolution:
      {
        integrity: sha512-r6lPcBGxZXlIcymEu7InxDMhdW0KDxpLgoFLcguasxCaJ/SOIZwINatK9KY/tf+ZrlywOKU0UDj3ATXUBfxJXA==,
      }
    engines: { node: ">=8" }

  yoctocolors-cjs@2.1.2:
    resolution:
      {
        integrity: sha512-cYVsTjKl8b+FrnidjibDWskAv7UKOfcwaVZdp/it9n1s9fU3IkgDbhdIRKCW4JDsAlECJY0ytoVPT3sK6kideA==,
      }
    engines: { node: ">=18" }

snapshots:
  "@inquirer/ansi@1.0.0": {}

  "@inquirer/checkbox@4.2.4":
    dependencies:
      "@inquirer/ansi": 1.0.0
      "@inquirer/core": 10.2.2
      "@inquirer/figures": 1.0.13
      "@inquirer/type": 3.0.8
      yoctocolors-cjs: 2.1.2

  "@inquirer/confirm@5.1.18":
    dependencies:
      "@inquirer/core": 10.2.2
      "@inquirer/type": 3.0.8

  "@inquirer/core@10.1.15":
    dependencies:
      "@inquirer/figures": 1.0.13
      "@inquirer/type": 3.0.8
      ansi-escapes: 4.3.2
      cli-width: 4.1.0
      mute-stream: 2.0.0
      signal-exit: 4.1.0
      wrap-ansi: 6.2.0
      yoctocolors-cjs: 2.1.2

  "@inquirer/core@10.2.2":
    dependencies:
      "@inquirer/ansi": 1.0.0
      "@inquirer/figures": 1.0.13
      "@inquirer/type": 3.0.8
      cli-width: 4.1.0
      mute-stream: 2.0.0
      signal-exit: 4.1.0
      wrap-ansi: 6.2.0
      yoctocolors-cjs: 2.1.2

  "@inquirer/editor@4.2.20":
    dependencies:
      "@inquirer/core": 10.2.2
      "@inquirer/external-editor": 1.0.2
      "@inquirer/type": 3.0.8

  "@inquirer/expand@4.0.17":
    dependencies:
      "@inquirer/core": 10.1.15
      "@inquirer/type": 3.0.8
      yoctocolors-cjs: 2.1.2

  "@inquirer/external-editor@1.0.2":
    dependencies:
      chardet: 2.1.0
      iconv-lite: 0.7.0

  "@inquirer/figures@1.0.13": {}

  "@inquirer/input@4.2.1":
    dependencies:
      "@inquirer/core": 10.1.15
      "@inquirer/type": 3.0.8

  "@inquirer/number@3.0.17":
    dependencies:
      "@inquirer/core": 10.1.15
      "@inquirer/type": 3.0.8

  "@inquirer/password@4.0.17":
    dependencies:
      "@inquirer/core": 10.1.15
      "@inquirer/type": 3.0.8
      ansi-escapes: 4.3.2

  "@inquirer/prompts@7.8.3":
    dependencies:
      "@inquirer/checkbox": 4.2.4
      "@inquirer/confirm": 5.1.18
      "@inquirer/editor": 4.2.20
      "@inquirer/expand": 4.0.17
      "@inquirer/input": 4.2.1
      "@inquirer/number": 3.0.17
      "@inquirer/password": 4.0.17
      "@inquirer/rawlist": 4.1.5
      "@inquirer/search": 3.1.0
      "@inquirer/select": 4.3.1

  "@inquirer/rawlist@4.1.5":
    dependencies:
      "@inquirer/core": 10.1.15
      "@inquirer/type": 3.0.8
      yoctocolors-cjs: 2.1.2

  "@inquirer/search@3.1.0":
    dependencies:
      "@inquirer/core": 10.1.15
      "@inquirer/figures": 1.0.13
      "@inquirer/type": 3.0.8
      yoctocolors-cjs: 2.1.2

  "@inquirer/select@4.3.1":
    dependencies:
      "@inquirer/core": 10.1.15
      "@inquirer/figures": 1.0.13
      "@inquirer/type": 3.0.8
      ansi-escapes: 4.3.2
      yoctocolors-cjs: 2.1.2

  "@inquirer/type@3.0.8": {}

  "@jridgewell/sourcemap-codec@1.5.5": {}

  "@kwsites/file-exists@1.1.1":
    dependencies:
      debug: 4.4.1
    transitivePeerDependencies:
      - supports-color

  "@kwsites/promise-deferred@1.1.1": {}

  "@pkgr/core@0.2.9": {}

  "@rollup/plugin-commonjs@28.0.6(rollup@4.52.0)":
    dependencies:
      "@rollup/pluginutils": 5.3.0(rollup@4.52.0)
      commondir: 1.0.1
      estree-walker: 2.0.2
      fdir: 6.5.0(picomatch@4.0.3)
      is-reference: 1.2.1
      magic-string: 0.30.19
      picomatch: 4.0.3
    optionalDependencies:
      rollup: 4.52.0

  "@rollup/plugin-json@6.1.0(rollup@4.52.0)":
    dependencies:
      "@rollup/pluginutils": 5.3.0(rollup@4.52.0)
    optionalDependencies:
      rollup: 4.52.0

  "@rollup/plugin-node-resolve@16.0.1(rollup@4.52.0)":
    dependencies:
      "@rollup/pluginutils": 5.3.0(rollup@4.52.0)
      "@types/resolve": 1.20.2
      deepmerge: 4.3.1
      is-module: 1.0.0
      resolve: 1.22.10
    optionalDependencies:
      rollup: 4.52.0

  "@rollup/pluginutils@5.3.0(rollup@4.52.0)":
    dependencies:
      "@types/estree": 1.0.8
      estree-walker: 2.0.2
      picomatch: 4.0.3
    optionalDependencies:
      rollup: 4.52.0

  "@rollup/rollup-android-arm-eabi@4.52.0":
    optional: true

  "@rollup/rollup-android-arm64@4.52.0":
    optional: true

  "@rollup/rollup-darwin-arm64@4.52.0":
    optional: true

  "@rollup/rollup-darwin-x64@4.52.0":
    optional: true

  "@rollup/rollup-freebsd-arm64@4.52.0":
    optional: true

  "@rollup/rollup-freebsd-x64@4.52.0":
    optional: true

  "@rollup/rollup-linux-arm-gnueabihf@4.52.0":
    optional: true

  "@rollup/rollup-linux-arm-musleabihf@4.52.0":
    optional: true

  "@rollup/rollup-linux-arm64-gnu@4.52.0":
    optional: true

  "@rollup/rollup-linux-arm64-musl@4.52.0":
    optional: true

  "@rollup/rollup-linux-loong64-gnu@4.52.0":
    optional: true

  "@rollup/rollup-linux-ppc64-gnu@4.52.0":
    optional: true

  "@rollup/rollup-linux-riscv64-gnu@4.52.0":
    optional: true

  "@rollup/rollup-linux-riscv64-musl@4.52.0":
    optional: true

  "@rollup/rollup-linux-s390x-gnu@4.52.0":
    optional: true

  "@rollup/rollup-linux-x64-gnu@4.52.0":
    optional: true

  "@rollup/rollup-linux-x64-musl@4.52.0":
    optional: true

  "@rollup/rollup-openharmony-arm64@4.52.0":
    optional: true

  "@rollup/rollup-win32-arm64-msvc@4.52.0":
    optional: true

  "@rollup/rollup-win32-ia32-msvc@4.52.0":
    optional: true

  "@rollup/rollup-win32-x64-gnu@4.52.0":
    optional: true

  "@rollup/rollup-win32-x64-msvc@4.52.0":
    optional: true

  "@types/estree@1.0.8": {}

  "@types/resolve@1.20.2": {}

  ansi-escapes@4.3.2:
    dependencies:
      type-fest: 0.21.3

  ansi-regex@5.0.1: {}

  ansi-styles@4.3.0:
    dependencies:
      color-convert: 2.0.1

  chardet@2.1.0: {}

  cli-width@4.1.0: {}

  color-convert@2.0.1:
    dependencies:
      color-name: 1.1.4

  color-name@1.1.4: {}

  commondir@1.0.1: {}

  debug@4.4.1:
    dependencies:
      ms: 2.1.3

  deepmerge@4.3.1: {}

  emoji-regex@8.0.0: {}

  estree-walker@2.0.2: {}

  fdir@6.5.0(picomatch@4.0.3):
    optionalDependencies:
      picomatch: 4.0.3

  fsevents@2.3.3:
    optional: true

  function-bind@1.1.2: {}

  hasown@2.0.2:
    dependencies:
      function-bind: 1.1.2

  husky@9.1.7: {}

  iconv-lite@0.7.0:
    dependencies:
      safer-buffer: 2.1.2

  ignore@7.0.5: {}

  is-core-module@2.16.1:
    dependencies:
      hasown: 2.0.2

  is-fullwidth-code-point@3.0.0: {}

  is-module@1.0.0: {}

  is-reference@1.2.1:
    dependencies:
      "@types/estree": 1.0.8

  magic-string@0.30.19:
    dependencies:
      "@jridgewell/sourcemap-codec": 1.5.5

  mri@1.2.0: {}

  ms@2.1.3: {}

  mute-stream@2.0.0: {}

  path-parse@1.0.7: {}

  picocolors@1.1.1: {}

  picomatch@4.0.3: {}

  prettier@3.6.2: {}

  pretty-quick@4.2.2(prettier@3.6.2):
    dependencies:
      "@pkgr/core": 0.2.9
      ignore: 7.0.5
      mri: 1.2.0
      picocolors: 1.1.1
      picomatch: 4.0.3
      prettier: 3.6.2
      tinyexec: 0.3.2
      tslib: 2.8.1

  resolve@1.22.10:
    dependencies:
      is-core-module: 2.16.1
      path-parse: 1.0.7
      supports-preserve-symlinks-flag: 1.0.0

  rollup@4.52.0:
    dependencies:
      "@types/estree": 1.0.8
    optionalDependencies:
      "@rollup/rollup-android-arm-eabi": 4.52.0
      "@rollup/rollup-android-arm64": 4.52.0
      "@rollup/rollup-darwin-arm64": 4.52.0
      "@rollup/rollup-darwin-x64": 4.52.0
      "@rollup/rollup-freebsd-arm64": 4.52.0
      "@rollup/rollup-freebsd-x64": 4.52.0
      "@rollup/rollup-linux-arm-gnueabihf": 4.52.0
      "@rollup/rollup-linux-arm-musleabihf": 4.52.0
      "@rollup/rollup-linux-arm64-gnu": 4.52.0
      "@rollup/rollup-linux-arm64-musl": 4.52.0
      "@rollup/rollup-linux-loong64-gnu": 4.52.0
      "@rollup/rollup-linux-ppc64-gnu": 4.52.0
      "@rollup/rollup-linux-riscv64-gnu": 4.52.0
      "@rollup/rollup-linux-riscv64-musl": 4.52.0
      "@rollup/rollup-linux-s390x-gnu": 4.52.0
      "@rollup/rollup-linux-x64-gnu": 4.52.0
      "@rollup/rollup-linux-x64-musl": 4.52.0
      "@rollup/rollup-openharmony-arm64": 4.52.0
      "@rollup/rollup-win32-arm64-msvc": 4.52.0
      "@rollup/rollup-win32-ia32-msvc": 4.52.0
      "@rollup/rollup-win32-x64-gnu": 4.52.0
      "@rollup/rollup-win32-x64-msvc": 4.52.0
      fsevents: 2.3.3

  safer-buffer@2.1.2: {}

  semver@7.7.2: {}

  signal-exit@4.1.0: {}

  simple-git@3.28.0:
    dependencies:
      "@kwsites/file-exists": 1.1.1
      "@kwsites/promise-deferred": 1.1.1
      debug: 4.4.1
    transitivePeerDependencies:
      - supports-color

  string-width@4.2.3:
    dependencies:
      emoji-regex: 8.0.0
      is-fullwidth-code-point: 3.0.0
      strip-ansi: 6.0.1

  strip-ansi@6.0.1:
    dependencies:
      ansi-regex: 5.0.1

  supports-preserve-symlinks-flag@1.0.0: {}

  tinyexec@0.3.2: {}

  tslib@2.8.1: {}

  type-fest@0.21.3: {}

  wrap-ansi@6.2.0:
    dependencies:
      ansi-styles: 4.3.0
      string-width: 4.2.3
      strip-ansi: 6.0.1

  yoctocolors-cjs@2.1.2: {}
